# This file is generated by running "yarn install" inside your project.
# Manual changes might be lost - proceed with caution!

__metadata:
  version: 6
  cacheKey: 8

"zenn-cli@npm:^0.1.147":
  version: 0.1.147
  resolution: "zenn-cli@npm:0.1.147"
  bin:
    zenn: dist/server/zenn.js
  checksum: 52bebfbd85e779687758a639fe90c5292b8941c05788f9b561959132e990daad1d7ca705c1b6adf2b4bd30845cb49fa2e799f85dc5c654efa85499ab32ec0532
  languageName: node
  linkType: hard

"zenn@workspace:.":
  version: 0.0.0-use.local
  resolution: "zenn@workspace:."
  dependencies:
    zenn-cli: ^0.1.147
  languageName: unknown
  linkType: soft
